
Microsoft Visual Studio Solution File, Format Version 12.00
# Visual Studio Version 17
VisualStudioVersion = 17.5.33530.505
MinimumVisualStudioVersion = 10.0.40219.1
Project("{6EC3EE1D-3C4E-46DD-8F32-0CC8E7565705}") = "MLUtls", "MLUtls\MLUtls.fsproj", "{DEFFC4D1-B93E-4EEA-A0D0-523F3DD25518}"
EndProject
Project("{2150E333-8FDC-42A3-9474-1A3956D46DE8}") = "Solution Items", "Solution Items", "{FA35BDAA-AFE3-4FF7-BF46-A253D5546F14}"
	ProjectSection(SolutionItems) = preProject
		readme.md = readme.md
	EndProjectSection
EndProject
Global
	GlobalSection(SolutionConfigurationPlatforms) = preSolution
		Debug|Any CPU = Debug|Any CPU
		Release|Any CPU = Release|Any CPU
	EndGlobalSection
	GlobalSection(ProjectConfigurationPlatforms) = postSolution
		{DEFFC4D1-B93E-4EEA-A0D0-523F3DD25518}.Debug|Any CPU.ActiveCfg = Debug|Any CPU
		{DEFFC4D1-B93E-4EEA-A0D0-523F3DD25518}.Debug|Any CPU.Build.0 = Debug|Any CPU
		{DEFFC4D1-B93E-4EEA-A0D0-523F3DD25518}.Release|Any CPU.ActiveCfg = Release|Any CPU
		{DEFFC4D1-B93E-4EEA-A0D0-523F3DD25518}.Release|Any CPU.Build.0 = Release|Any CPU
	EndGlobalSection
	GlobalSection(SolutionProperties) = preSolution
		HideSolutionNode = FALSE
	EndGlobalSection
	GlobalSection(ExtensibilityGlobals) = postSolution
		SolutionGuid = {E4304006-4525-42D8-A570-86B7881FE3A6}
	EndGlobalSection
EndGlobal
